
Microsoft Visual Studio Solution File, Format Version 12.00
# Visual Studio Version 17
VisualStudioVersion = 17.5.002.0
MinimumVisualStudioVersion = 10.0.40219.1
Project("{9A19103F-16F7-4668-BE54-9A1E7A4F7556}") = "Ecstasy_Jewels_API", "Ecstasy_Jewels_API.csproj", "{9899F00E-EBA4-4477-98D5-0CD39E95450B}"
EndProject
Global
	GlobalSection(SolutionConfigurationPlatforms) = preSolution
		Debug|Any CPU = Debug|Any CPU
		Release|Any CPU = Release|Any CPU
	EndGlobalSection
	GlobalSection(ProjectConfigurationPlatforms) = postSolution
		{9899F00E-EBA4-4477-98D5-0CD39E95450B}.Debug|Any CPU.ActiveCfg = Debug|Any CPU
		{9899F00E-EBA4-4477-98D5-0CD39E95450B}.Debug|Any CPU.Build.0 = Debug|Any CPU
		{9899F00E-EBA4-4477-98D5-0CD39E95450B}.Release|Any CPU.ActiveCfg = Release|Any CPU
		{9899F00E-EBA4-4477-98D5-0CD39E95450B}.Release|Any CPU.Build.0 = Release|Any CPU
	EndGlobalSection
	GlobalSection(SolutionProperties) = preSolution
		HideSolutionNode = FALSE
	EndGlobalSection
	GlobalSection(ExtensibilityGlobals) = postSolution
		SolutionGuid = {E2F86A9D-9147-4A14-854B-8C68CDDEBF2C}
	EndGlobalSection
EndGlobal
